
Microsoft Visual Studio Solution File, Format Version 12.00
# Visual Studio Version 16
VisualStudioVersion = 16.0.30804.86
MinimumVisualStudioVersion = 10.0.40219.1
Project("{FAE04EC0-301F-11D3-BF4B-00C04F79EFBC}") = "Material", "Material.csproj", "{DE352D36-C24C-41D1-899E-9303BBF2DDF4}"
EndProject
Global
	GlobalSection(SolutionConfigurationPlatforms) = preSolution
		Debug|Any CPU = Debug|Any CPU
		Release|Any CPU = Release|Any CPU
	EndGlobalSection
	GlobalSection(ProjectConfigurationPlatforms) = postSolution
		{DE352D36-C24C-41D1-899E-9303BBF2DDF4}.Debug|Any CPU.ActiveCfg = Debug|Any CPU
		{DE352D36-C24C-41D1-899E-9303BBF2DDF4}.Debug|Any CPU.Build.0 = Debug|Any CPU
		{DE352D36-C24C-41D1-899E-9303BBF2DDF4}.Release|Any CPU.ActiveCfg = Release|Any CPU
		{DE352D36-C24C-41D1-899E-9303BBF2DDF4}.Release|Any CPU.Build.0 = Release|Any CPU
	EndGlobalSection
	GlobalSection(SolutionProperties) = preSolution
		HideSolutionNode = FALSE
	EndGlobalSection
	GlobalSection(ExtensibilityGlobals) = postSolution
		SolutionGuid = {5F763419-2019-4048-B230-EC576311A18A}
	EndGlobalSection
EndGlobal
